	<Project xmlns="http://schemas.microsoft.com/developer/msbuild/2003">
		<PropertyGroup>
			<ProjectGuid>{E5E79D79-6EDD-4FD8-8EFE-4B04800B4458}</ProjectGuid>
			<ProjectVersion>12.3</ProjectVersion>
			<MainSource>LightDetection.dpr</MainSource>
			<Base>True</Base>
			<Config Condition="'$(Config)'==''">Debug</Config>
			<Platform>Win32</Platform>
			<AppType>Application</AppType>
			<FrameworkType>VCL</FrameworkType>
			<DCC_DCCCompiler>DCC32</DCC_DCCCompiler>
		</PropertyGroup>
		<PropertyGroup Condition="'$(Config)'=='Base' or '$(Base)'!=''">
			<Base>true</Base>
		</PropertyGroup>
		<PropertyGroup Condition="'$(Config)'=='Debug' or '$(Cfg_1)'!=''">
			<Cfg_1>true</Cfg_1>
			<CfgParent>Base</CfgParent>
			<Base>true</Base>
		</PropertyGroup>
		<PropertyGroup Condition="'$(Config)'=='Release' or '$(Cfg_2)'!=''">
			<Cfg_2>true</Cfg_2>
			<CfgParent>Base</CfgParent>
			<Base>true</Base>
		</PropertyGroup>
		<PropertyGroup Condition="'$(Base)'!=''">
			<DCC_UsePackage>vclx;vcl;vclimg;dbrtl;Rave90VCL;bdertl;VclSmp;rtl;svnui;svn;TeeUI;TeeDB;Tee;vclactnband;vcldb;vcldbx;vcltouch;xmlrtl;dsnap;dsnapcon;vclib;ibxpress;adortl;IndyCore;IndySystem;IndyProtocols;inet;intrawebdb_110_150;Intraweb_110_150;vclie;websnap;webdsnap;inetdb;inetdbbde;inetdbxpress;soaprtl;vclribbon;dbexpress;DbxCommonDriver;DataSnapIndy10ServerTransport;DataSnapProviderClient;DbxClientDriver;DataSnapClient;dbxcds;DataSnapServer;AzureCloud;DBXInterBaseDriver;DBXMySQLDriver;DBXFirebirdDriver;DBXSybaseASEDriver;DBXSybaseASADriver;DBXOracleDriver;DBXMSSQLDriver;DBXInformixDriver;DBXDb2Driver;dclZipForged15;vclZipForged15;tmsd2011;tmsexd2011;tmswizd2011;tmsxlsd2011;Rtleae;DDSDAC;sdac150;dac150;VCLZipDXE_4;GMLib_DXE;dacvcl150;crcontrols150;sdacvcl150;dxCoreRS15;dxServerModeRS15;cxDataRS15;cxLibraryRS15;dxGDIPlusRS15;dxThemeRS15;dxADOServerModeRS15;dxDBXServerModeRS15;cxEditorsRS15;dxmdsRS15;dxBarRS15;dxComnRS15;dxBarDBNavRS15;dxBarExtDBItemsRS15;dxBarExtItemsRS15;dxRibbonRS15;cxBarEditItemRS15;dxdbtrRS15;dxtrmdRS15;cxPageControlRS15;dxDockingRS15;dxFlowChartRS15;cxPageControldxBarPopupMenuRS15;dxTabbedMDIRS15;dxLayoutControlRS15;dxNavBarRS15;dxorgcRS15;dxdborRS15;cxGridRS15;cxExportRS15;cxPivotGridRS15;cxPivotGridChartRS15;cxPivotGridOLAPRS15;cxTreeListRS15;cxTreeListdxBarPopupMenuRS15;cxSchedulerRS15;cxSchedulerGridRS15;dcldxSkinsCoreRS15;dxSkinsCoreRS15;dxSkinscxPCPainterRS15;dxSkinscxSchedulerPainterRS15;dxSkinsdxDLPainterRS15;dxSkinsdxBarPainterRS15;dxSkinsdxNavBarPainterRS15;dxSpellCheckerRS15;cxSpreadSheetRS15;cxVerticalGridRS15;dxPSCoreRS15;dxPSLnksRS15;dxPScxCommonRS15;dxPScxExtCommonRS15;dxPScxGridLnkRS15;dxPSdxLCLnkRS15;dxPScxPivotGridLnkRS15;dxPScxSchedulerLnkRS15;dxPScxSSLnkRS15;dxPScxTLLnkRS15;dxPScxVGridLnkRS15;dxPSTeeChartRS15;dxPSDBTeeChartRS15;dxPSdxOCLnkRS15;dxPSdxDBOCLnkRS15;dxPSdxDBTVLnkRS15;dxPSdxFCLnkRS15;dxPScxPCProdRS15;dxPsPrVwAdvRS15;dxPSPrVwRibbonRS15;dxSkinsdxRibbonPainterRS15;dxTileControlRS15;fs15;frx15;frxcs15;fsDB15;frxDB15;fsBDE15;frxBDE15;fsADO15;frxADO15;fsIBX15;frxIBX15;frxDBX15;frxe15;fsTee15;frxTee15;DCEF_D7</DCC_UsePackage>
			<DCC_DcuOutput>./../out</DCC_DcuOutput>
			<DCC_ExeOutput>./../out</DCC_ExeOutput>
			<DCC_UnitAlias>WinTypes=Windows;WinProcs=Windows;DbiTypes=BDE;DbiProcs=BDE;$(DCC_UnitAlias)</DCC_UnitAlias>
			<UsePackages>true</UsePackages>
			<DCC_ImageBase>00400000</DCC_ImageBase>
		</PropertyGroup>
		<PropertyGroup Condition="'$(Cfg_1)'!=''">
			<DCC_Define>DEBUG;$(DCC_Define)</DCC_Define>
			<DCC_GenerateStackFrames>true</DCC_GenerateStackFrames>
			<DCC_Optimize>false</DCC_Optimize>
		</PropertyGroup>
		<PropertyGroup Condition="'$(Cfg_2)'!=''">
			<DCC_Define>RELEASE;$(DCC_Define)</DCC_Define>
			<DCC_SymbolReferenceInfo>0</DCC_SymbolReferenceInfo>
			<DCC_LocalDebugSymbols>false</DCC_LocalDebugSymbols>
			<DCC_DebugInformation>false</DCC_DebugInformation>
		</PropertyGroup>
		<ItemGroup>
			<DelphiCompile Include="LightDetection.dpr">
				<MainSource>MainSource</MainSource>
			</DelphiCompile>
			<DCCReference Include="UFMain.pas">
				<Form>FLightDetection</Form>
			</DCCReference>
			<DCCReference Include="..\..\ImgSharedUnits\src\UBinaryImages.pas"/>
			<DCCReference Include="..\..\ImgSharedUnits\src\UBitMapFunctions.pas"/>
			<DCCReference Include="..\..\ImgSharedUnits\src\UColorImages.pas"/>
			<DCCReference Include="..\..\ImgSharedUnits\src\UGrayscaleImages.pas"/>
			<DCCReference Include="..\..\ImgSharedUnits\src\UPixelConvert.pas"/>
			<BuildConfiguration Include="Release">
				<Key>Cfg_2</Key>
				<CfgParent>Base</CfgParent>
			</BuildConfiguration>
			<BuildConfiguration Include="Base">
				<Key>Base</Key>
			</BuildConfiguration>
			<BuildConfiguration Include="Debug">
				<Key>Cfg_1</Key>
				<CfgParent>Base</CfgParent>
			</BuildConfiguration>
		</ItemGroup>
		<Import Condition="Exists('$(BDS)\Bin\CodeGear.Delphi.Targets')" Project="$(BDS)\Bin\CodeGear.Delphi.Targets"/>
		<Import Condition="Exists('$(APPDATA)\Embarcadero\$(BDSAPPDATABASEDIR)\$(PRODUCTVERSION)\UserTools.proj')" Project="$(APPDATA)\Embarcadero\$(BDSAPPDATABASEDIR)\$(PRODUCTVERSION)\UserTools.proj"/>
		<ProjectExtensions>
			<Borland.Personality>Delphi.Personality.12</Borland.Personality>
			<Borland.ProjectType/>
			<BorlandProject>
				<Delphi.Personality>
					<VersionInfo>
						<VersionInfo Name="IncludeVerInfo">False</VersionInfo>
						<VersionInfo Name="AutoIncBuild">False</VersionInfo>
						<VersionInfo Name="MajorVer">1</VersionInfo>
						<VersionInfo Name="MinorVer">0</VersionInfo>
						<VersionInfo Name="Release">0</VersionInfo>
						<VersionInfo Name="Build">0</VersionInfo>
						<VersionInfo Name="Debug">False</VersionInfo>
						<VersionInfo Name="PreRelease">False</VersionInfo>
						<VersionInfo Name="Special">False</VersionInfo>
						<VersionInfo Name="Private">False</VersionInfo>
						<VersionInfo Name="DLL">False</VersionInfo>
						<VersionInfo Name="Locale">1049</VersionInfo>
						<VersionInfo Name="CodePage">1251</VersionInfo>
					</VersionInfo>
					<VersionInfoKeys>
						<VersionInfoKeys Name="CompanyName"/>
						<VersionInfoKeys Name="FileDescription"/>
						<VersionInfoKeys Name="FileVersion">1.0.0.0</VersionInfoKeys>
						<VersionInfoKeys Name="InternalName"/>
						<VersionInfoKeys Name="LegalCopyright"/>
						<VersionInfoKeys Name="LegalTrademarks"/>
						<VersionInfoKeys Name="OriginalFilename"/>
						<VersionInfoKeys Name="ProductName"/>
						<VersionInfoKeys Name="ProductVersion">1.0.0.0</VersionInfoKeys>
						<VersionInfoKeys Name="Comments"/>
					</VersionInfoKeys>
					<Excluded_Packages>
						<Excluded_Packages Name="C:\Program Files (x86)\FastReports\FastReport 4\LibD15\dclfrxibx15.bpl">FastReport 4.0 IBX Components</Excluded_Packages>
					</Excluded_Packages>
					<Source>
						<Source Name="MainSource">LightDetection.dpr</Source>
					</Source>
				</Delphi.Personality>
				<Platforms>
					<Platform value="Win32">True</Platform>
				</Platforms>
			</BorlandProject>
			<ProjectFileVersion>12</ProjectFileVersion>
		</ProjectExtensions>
	</Project>
